// !$*UTF8*$!
{
	archiveVersion = 1;
	classes = {
	};
	objectVersion = 51;
	objects = {

/* Begin PBXBuildFile section */
		2F3571C722E9E92E00DEADD6 /* FetchRooms.swift in Sources */ = {isa = PBXBuildFile; fileRef = 2F3571C622E9E92E00DEADD6 /* FetchRooms.swift */; };
		2F3DCDD022D8B2B700F49B74 /* AppDelegate.swift in Sources */ = {isa = PBXBuildFile; fileRef = 2F3DCDCF22D8B2B700F49B74 /* AppDelegate.swift */; };
		2F3DCDD222D8B2B700F49B74 /* LandingViewController.swift in Sources */ = {isa = PBXBuildFile; fileRef = 2F3DCDD122D8B2B700F49B74 /* LandingViewController.swift */; };
		2F3DCDD522D8B2B700F49B74 /* Main.storyboard in Resources */ = {isa = PBXBuildFile; fileRef = 2F3DCDD322D8B2B700F49B74 /* Main.storyboard */; };
		2F3DCDDA22D8B2B800F49B74 /* LaunchScreen.storyboard in Resources */ = {isa = PBXBuildFile; fileRef = 2F3DCDD822D8B2B800F49B74 /* LaunchScreen.storyboard */; };
		2F47C21022E8B62600DD0E51 /* TableViewExt.swift in Sources */ = {isa = PBXBuildFile; fileRef = 2F47C20F22E8B62600DD0E51 /* TableViewExt.swift */; };
		2F47C21222E8B67B00DD0E51 /* iSConected.swift in Sources */ = {isa = PBXBuildFile; fileRef = 2F47C21122E8B67B00DD0E51 /* iSConected.swift */; };
		2F47C21422E911C400DD0E51 /* RealmDB.swift in Sources */ = {isa = PBXBuildFile; fileRef = 2F47C21322E911C400DD0E51 /* RealmDB.swift */; };
		2F4CEB2A22E6315F00472246 /* NetworkRoute.swift in Sources */ = {isa = PBXBuildFile; fileRef = 2F4CEB2922E6315F00472246 /* NetworkRoute.swift */; };
		2F4CEB2C22E6320700472246 /* URL.swift in Sources */ = {isa = PBXBuildFile; fileRef = 2F4CEB2B22E6320700472246 /* URL.swift */; };
		2F4CEB2E22E63C8C00472246 /* String.swift in Sources */ = {isa = PBXBuildFile; fileRef = 2F4CEB2D22E63C8C00472246 /* String.swift */; };
		2F52452422D8D6C600077C9C /* RoundedButton.swift in Sources */ = {isa = PBXBuildFile; fileRef = 2F52452322D8D6C600077C9C /* RoundedButton.swift */; };
		2F54730B22E72F97000D3075 /* JSONParser.swift in Sources */ = {isa = PBXBuildFile; fileRef = 2F54730A22E72F97000D3075 /* JSONParser.swift */; };
		2F54730F22E7563D000D3075 /* Roominit.swift in Sources */ = {isa = PBXBuildFile; fileRef = 2F54730E22E7563D000D3075 /* Roominit.swift */; };
		2FCC6D8122DD26A80061882A /* RoomCell.swift in Sources */ = {isa = PBXBuildFile; fileRef = 2FCC6D8022DD26A80061882A /* RoomCell.swift */; };
		2FCC6D8322DD3E0E0061882A /* Room.swift in Sources */ = {isa = PBXBuildFile; fileRef = 2FCC6D8222DD3E0E0061882A /* Room.swift */; };
		2FCC6D9B22DD59A80061882A /* SignInViewController.swift in Sources */ = {isa = PBXBuildFile; fileRef = 2FCC6D9A22DD59A80061882A /* SignInViewController.swift */; };
		2FCC6D9D22DD5A210061882A /* HomeViewController.swift in Sources */ = {isa = PBXBuildFile; fileRef = 2FCC6D9C22DD5A210061882A /* HomeViewController.swift */; };
		2FD83DF322E624B600A9C708 /* Images.xcassets in Resources */ = {isa = PBXBuildFile; fileRef = 2FD83DF222E624B600A9C708 /* Images.xcassets */; };
		2FE9F11F22E2E611003E1201 /* SignUpViewController.swift in Sources */ = {isa = PBXBuildFile; fileRef = 2FE9F11E22E2E611003E1201 /* SignUpViewController.swift */; };
		2FF3DE8F22E2942E00FC409C /* NetworkCalls.swift in Sources */ = {isa = PBXBuildFile; fileRef = 2FF3DE8E22E2942E00FC409C /* NetworkCalls.swift */; };
		80D1A1CFB0D130147870078E /* Pods_Roomy.framework in Frameworks */ = {isa = PBXBuildFile; fileRef = 8BFBE962F0606D67D7DDD1B4 /* Pods_Roomy.framework */; };
/* End PBXBuildFile section */

/* Begin PBXFileReference section */
		2E3B09239BEA62A8BB4256CC /* Pods-Roomy.debug.xcconfig */ = {isa = PBXFileReference; includeInIndex = 1; lastKnownFileType = text.xcconfig; name = "Pods-Roomy.debug.xcconfig"; path = "Target Support Files/Pods-Roomy/Pods-Roomy.debug.xcconfig"; sourceTree = "<group>"; };
		2F3571C622E9E92E00DEADD6 /* FetchRooms.swift */ = {isa = PBXFileReference; lastKnownFileType = sourcecode.swift; path = FetchRooms.swift; sourceTree = "<group>"; };
		2F3DCDCC22D8B2B700F49B74 /* Roomy.app */ = {isa = PBXFileReference; explicitFileType = wrapper.application; includeInIndex = 0; path = Roomy.app; sourceTree = BUILT_PRODUCTS_DIR; };
		2F3DCDCF22D8B2B700F49B74 /* AppDelegate.swift */ = {isa = PBXFileReference; lastKnownFileType = sourcecode.swift; path = AppDelegate.swift; sourceTree = "<group>"; };
		2F3DCDD122D8B2B700F49B74 /* LandingViewController.swift */ = {isa = PBXFileReference; lastKnownFileType = sourcecode.swift; path = LandingViewController.swift; sourceTree = "<group>"; };
		2F3DCDD422D8B2B700F49B74 /* Base */ = {isa = PBXFileReference; lastKnownFileType = file.storyboard; name = Base; path = Base.lproj/Main.storyboard; sourceTree = "<group>"; };
		2F3DCDD922D8B2B800F49B74 /* Base */ = {isa = PBXFileReference; lastKnownFileType = file.storyboard; name = Base; path = Base.lproj/LaunchScreen.storyboard; sourceTree = "<group>"; };
		2F3DCDDB22D8B2B800F49B74 /* Info.plist */ = {isa = PBXFileReference; lastKnownFileType = text.plist.xml; path = Info.plist; sourceTree = "<group>"; };
		2F47C20F22E8B62600DD0E51 /* TableViewExt.swift */ = {isa = PBXFileReference; lastKnownFileType = sourcecode.swift; path = TableViewExt.swift; sourceTree = "<group>"; };
		2F47C21122E8B67B00DD0E51 /* iSConected.swift */ = {isa = PBXFileReference; lastKnownFileType = sourcecode.swift; path = iSConected.swift; sourceTree = "<group>"; };
		2F47C21322E911C400DD0E51 /* RealmDB.swift */ = {isa = PBXFileReference; lastKnownFileType = sourcecode.swift; path = RealmDB.swift; sourceTree = "<group>"; };
		2F4CEB2922E6315F00472246 /* NetworkRoute.swift */ = {isa = PBXFileReference; lastKnownFileType = sourcecode.swift; path = NetworkRoute.swift; sourceTree = "<group>"; };
		2F4CEB2B22E6320700472246 /* URL.swift */ = {isa = PBXFileReference; lastKnownFileType = sourcecode.swift; path = URL.swift; sourceTree = "<group>"; };
		2F4CEB2D22E63C8C00472246 /* String.swift */ = {isa = PBXFileReference; lastKnownFileType = sourcecode.swift; path = String.swift; sourceTree = "<group>"; };
		2F52452322D8D6C600077C9C /* RoundedButton.swift */ = {isa = PBXFileReference; lastKnownFileType = sourcecode.swift; path = RoundedButton.swift; sourceTree = "<group>"; };
		2F54730A22E72F97000D3075 /* JSONParser.swift */ = {isa = PBXFileReference; lastKnownFileType = sourcecode.swift; path = JSONParser.swift; sourceTree = "<group>"; };
		2F54730E22E7563D000D3075 /* Roominit.swift */ = {isa = PBXFileReference; lastKnownFileType = sourcecode.swift; path = Roominit.swift; sourceTree = "<group>"; };
		2FCC6D8022DD26A80061882A /* RoomCell.swift */ = {isa = PBXFileReference; lastKnownFileType = sourcecode.swift; path = RoomCell.swift; sourceTree = "<group>"; };
		2FCC6D8222DD3E0E0061882A /* Room.swift */ = {isa = PBXFileReference; lastKnownFileType = sourcecode.swift; path = Room.swift; sourceTree = "<group>"; };
		2FCC6D9A22DD59A80061882A /* SignInViewController.swift */ = {isa = PBXFileReference; lastKnownFileType = sourcecode.swift; path = SignInViewController.swift; sourceTree = "<group>"; };
		2FCC6D9C22DD5A210061882A /* HomeViewController.swift */ = {isa = PBXFileReference; lastKnownFileType = sourcecode.swift; path = HomeViewController.swift; sourceTree = "<group>"; };
		2FD83DF222E624B600A9C708 /* Images.xcassets */ = {isa = PBXFileReference; lastKnownFileType = folder.assetcatalog; path = Images.xcassets; sourceTree = "<group>"; };
		2FE9F11E22E2E611003E1201 /* SignUpViewController.swift */ = {isa = PBXFileReference; lastKnownFileType = sourcecode.swift; path = SignUpViewController.swift; sourceTree = "<group>"; };
		2FF3DE8E22E2942E00FC409C /* NetworkCalls.swift */ = {isa = PBXFileReference; lastKnownFileType = sourcecode.swift; path = NetworkCalls.swift; sourceTree = "<group>"; };
		8BFBE962F0606D67D7DDD1B4 /* Pods_Roomy.framework */ = {isa = PBXFileReference; explicitFileType = wrapper.framework; includeInIndex = 0; path = Pods_Roomy.framework; sourceTree = BUILT_PRODUCTS_DIR; };
		905225F4C3F57DBF877ED9C4 /* Pods-Roomy.release.xcconfig */ = {isa = PBXFileReference; includeInIndex = 1; lastKnownFileType = text.xcconfig; name = "Pods-Roomy.release.xcconfig"; path = "Target Support Files/Pods-Roomy/Pods-Roomy.release.xcconfig"; sourceTree = "<group>"; };
/* End PBXFileReference section */

/* Begin PBXFrameworksBuildPhase section */
		2F3DCDC922D8B2B700F49B74 /* Frameworks */ = {
			isa = PBXFrameworksBuildPhase;
			buildActionMask = 2147483647;
			files = (
				80D1A1CFB0D130147870078E /* Pods_Roomy.framework in Frameworks */,
			);
			runOnlyForDeploymentPostprocessing = 0;
		};
/* End PBXFrameworksBuildPhase section */

/* Begin PBXGroup section */
		2F3DCDC322D8B2B700F49B74 = {
			isa = PBXGroup;
			children = (
				2F3DCDCE22D8B2B700F49B74 /* Roomy */,
				2F3DCDCD22D8B2B700F49B74 /* Products */,
				A1CF6D36741E99BFB0A5E35B /* Pods */,
				3D2B39ACF4D43EDC9EE6E0E2 /* Frameworks */,
			);
			sourceTree = "<group>";
		};
		2F3DCDCD22D8B2B700F49B74 /* Products */ = {
			isa = PBXGroup;
			children = (
				2F3DCDCC22D8B2B700F49B74 /* Roomy.app */,
			);
			name = Products;
			sourceTree = "<group>";
		};
		2F3DCDCE22D8B2B700F49B74 /* Roomy */ = {
			isa = PBXGroup;
			children = (
				2FD83DF122E6226300A9C708 /* Model */,
				2F5ED3B622E618FD00B1A1D5 /* Views */,
				2F5ED3B722E6195C00B1A1D5 /* Extensions */,
				2F3DCDCF22D8B2B700F49B74 /* AppDelegate.swift */,
				2F3DCDD322D8B2B700F49B74 /* Main.storyboard */,
				2F3DCDD822D8B2B800F49B74 /* LaunchScreen.storyboard */,
				2F3DCDDB22D8B2B800F49B74 /* Info.plist */,
				2FD83DF222E624B600A9C708 /* Images.xcassets */,
			);
			path = Roomy;
			sourceTree = "<group>";
		};
		2F47C20E22E8B37600DD0E51 /* Network */ = {
			isa = PBXGroup;
			children = (
				2FF3DE8E22E2942E00FC409C /* NetworkCalls.swift */,
				2F3571C622E9E92E00DEADD6 /* FetchRooms.swift */,
				2F4CEB2922E6315F00472246 /* NetworkRoute.swift */,
				2F4CEB2B22E6320700472246 /* URL.swift */,
				2F47C21122E8B67B00DD0E51 /* iSConected.swift */,
			);
			path = Network;
			sourceTree = "<group>";
		};
		2F47C21522E911E400DD0E51 /* RealmDB */ = {
			isa = PBXGroup;
			children = (
				2F47C21322E911C400DD0E51 /* RealmDB.swift */,
			);
			path = RealmDB;
			sourceTree = "<group>";
		};
		2F5ED3B622E618FD00B1A1D5 /* Views */ = {
			isa = PBXGroup;
			children = (
				2F3DCDD122D8B2B700F49B74 /* LandingViewController.swift */,
				2FCC6D9C22DD5A210061882A /* HomeViewController.swift */,
				2FCC6D9A22DD59A80061882A /* SignInViewController.swift */,
				2FE9F11E22E2E611003E1201 /* SignUpViewController.swift */,
			);
			path = Views;
			sourceTree = "<group>";
		};
		2F5ED3B722E6195C00B1A1D5 /* Extensions */ = {
			isa = PBXGroup;
			children = (
				2FCC6D8022DD26A80061882A /* RoomCell.swift */,
				2F54730E22E7563D000D3075 /* Roominit.swift */,
				2FCC6D8222DD3E0E0061882A /* Room.swift */,
				2F52452322D8D6C600077C9C /* RoundedButton.swift */,
				2F4CEB2D22E63C8C00472246 /* String.swift */,
				2F47C20F22E8B62600DD0E51 /* TableViewExt.swift */,
			);
			path = Extensions;
			sourceTree = "<group>";
		};
		2FD83DF122E6226300A9C708 /* Model */ = {
			isa = PBXGroup;
			children = (
				2F47C20E22E8B37600DD0E51 /* Network */,
				2F54730A22E72F97000D3075 /* JSONParser.swift */,
				2F47C21522E911E400DD0E51 /* RealmDB */,
			);
			path = Model;
			sourceTree = "<group>";
		};
		3D2B39ACF4D43EDC9EE6E0E2 /* Frameworks */ = {
			isa = PBXGroup;
			children = (
				8BFBE962F0606D67D7DDD1B4 /* Pods_Roomy.framework */,
			);
			name = Frameworks;
			sourceTree = "<group>";
		};
		A1CF6D36741E99BFB0A5E35B /* Pods */ = {
			isa = PBXGroup;
			children = (
				2E3B09239BEA62A8BB4256CC /* Pods-Roomy.debug.xcconfig */,
				905225F4C3F57DBF877ED9C4 /* Pods-Roomy.release.xcconfig */,
			);
			path = Pods;
			sourceTree = "<group>";
		};
/* End PBXGroup section */

/* Begin PBXNativeTarget section */
		2F3DCDCB22D8B2B700F49B74 /* Roomy */ = {
			isa = PBXNativeTarget;
			buildConfigurationList = 2F3DCDDE22D8B2B800F49B74 /* Build configuration list for PBXNativeTarget "Roomy" */;
			buildPhases = (
				E914E3F450462BA78B8F98DB /* [CP] Check Pods Manifest.lock */,
				2F3DCDC822D8B2B700F49B74 /* Sources */,
				2F3DCDC922D8B2B700F49B74 /* Frameworks */,
				2F3DCDCA22D8B2B700F49B74 /* Resources */,
				383946F8784EEDE68AA085CB /* [CP] Embed Pods Frameworks */,
			);
			buildRules = (
			);
			dependencies = (
			);
			name = Roomy;
			productName = Roomy;
			productReference = 2F3DCDCC22D8B2B700F49B74 /* Roomy.app */;
			productType = "com.apple.product-type.application";
		};
/* End PBXNativeTarget section */

/* Begin PBXProject section */
		2F3DCDC422D8B2B700F49B74 /* Project object */ = {
			isa = PBXProject;
			attributes = {
				LastSwiftUpdateCheck = 1000;
				LastUpgradeCheck = 1000;
				ORGANIZATIONNAME = "Ahmed Yasser";
				TargetAttributes = {
					2F3DCDCB22D8B2B700F49B74 = {
						CreatedOnToolsVersion = 10.0;
					};
				};
			};
			buildConfigurationList = 2F3DCDC722D8B2B700F49B74 /* Build configuration list for PBXProject "Roomy" */;
			compatibilityVersion = "Xcode 9.3";
			developmentRegion = en;
			hasScannedForEncodings = 0;
			knownRegions = (
				en,
				Base,
			);
			mainGroup = 2F3DCDC322D8B2B700F49B74;
			productRefGroup = 2F3DCDCD22D8B2B700F49B74 /* Products */;
			projectDirPath = "";
			projectRoot = "";
			targets = (
				2F3DCDCB22D8B2B700F49B74 /* Roomy */,
			);
		};
/* End PBXProject section */

/* Begin PBXResourcesBuildPhase section */
		2F3DCDCA22D8B2B700F49B74 /* Resources */ = {
			isa = PBXResourcesBuildPhase;
			buildActionMask = 2147483647;
			files = (
				2F3DCDDA22D8B2B800F49B74 /* LaunchScreen.storyboard in Resources */,
				2F3DCDD522D8B2B700F49B74 /* Main.storyboard in Resources */,
				2FD83DF322E624B600A9C708 /* Images.xcassets in Resources */,
			);
			runOnlyForDeploymentPostprocessing = 0;
		};
/* End PBXResourcesBuildPhase section */

/* Begin PBXShellScriptBuildPhase section */
		383946F8784EEDE68AA085CB /* [CP] Embed Pods Frameworks */ = {
			isa = PBXShellScriptBuildPhase;
			buildActionMask = 2147483647;
			files = (
			);
			inputFileListPaths = (
				"${PODS_ROOT}/Target Support Files/Pods-Roomy/Pods-Roomy-frameworks-${CONFIGURATION}-input-files.xcfilelist",
			);
			name = "[CP] Embed Pods Frameworks";
			outputFileListPaths = (
				"${PODS_ROOT}/Target Support Files/Pods-Roomy/Pods-Roomy-frameworks-${CONFIGURATION}-output-files.xcfilelist",
			);
			runOnlyForDeploymentPostprocessing = 0;
			shellPath = /bin/sh;
			shellScript = "\"${PODS_ROOT}/Target Support Files/Pods-Roomy/Pods-Roomy-frameworks.sh\"\n";
			showEnvVarsInLog = 0;
		};
		E914E3F450462BA78B8F98DB /* [CP] Check Pods Manifest.lock */ = {
			isa = PBXShellScriptBuildPhase;
			buildActionMask = 2147483647;
			files = (
			);
			inputFileListPaths = (
			);
			inputPaths = (
				"${PODS_PODFILE_DIR_PATH}/Podfile.lock",
				"${PODS_ROOT}/Manifest.lock",
			);
			name = "[CP] Check Pods Manifest.lock";
			outputFileListPaths = (
			);
			outputPaths = (
				"$(DERIVED_FILE_DIR)/Pods-Roomy-checkManifestLockResult.txt",
			);
			runOnlyForDeploymentPostprocessing = 0;
			shellPath = /bin/sh;
			shellScript = "diff \"${PODS_PODFILE_DIR_PATH}/Podfile.lock\" \"${PODS_ROOT}/Manifest.lock\" > /dev/null\nif [ $? != 0 ] ; then\n    # print error to STDERR\n    echo \"error: The sandbox is not in sync with the Podfile.lock. Run 'pod install' or update your CocoaPods installation.\" >&2\n    exit 1\nfi\n# This output is used by Xcode 'outputs' to avoid re-running this script phase.\necho \"SUCCESS\" > \"${SCRIPT_OUTPUT_FILE_0}\"\n";
			showEnvVarsInLog = 0;
		};
/* End PBXShellScriptBuildPhase section */

/* Begin PBXSourcesBuildPhase section */
		2F3DCDC822D8B2B700F49B74 /* Sources */ = {
			isa = PBXSourcesBuildPhase;
			buildActionMask = 2147483647;
			files = (
				2F3DCDD222D8B2B700F49B74 /* LandingViewController.swift in Sources */,
				2F52452422D8D6C600077C9C /* RoundedButton.swift in Sources */,
				2F47C21022E8B62600DD0E51 /* TableViewExt.swift in Sources */,
				2F4CEB2A22E6315F00472246 /* NetworkRoute.swift in Sources */,
				2F4CEB2C22E6320700472246 /* URL.swift in Sources */,
				2F54730F22E7563D000D3075 /* Roominit.swift in Sources */,
				2F54730B22E72F97000D3075 /* JSONParser.swift in Sources */,
				2FCC6D9B22DD59A80061882A /* SignInViewController.swift in Sources */,
				2FCC6D8122DD26A80061882A /* RoomCell.swift in Sources */,
				2F4CEB2E22E63C8C00472246 /* String.swift in Sources */,
				2F3DCDD022D8B2B700F49B74 /* AppDelegate.swift in Sources */,
				2F3571C722E9E92E00DEADD6 /* FetchRooms.swift in Sources */,
				2F47C21422E911C400DD0E51 /* RealmDB.swift in Sources */,
				2FF3DE8F22E2942E00FC409C /* NetworkCalls.swift in Sources */,
				2F47C21222E8B67B00DD0E51 /* iSConected.swift in Sources */,
				2FE9F11F22E2E611003E1201 /* SignUpViewController.swift in Sources */,
				2FCC6D9D22DD5A210061882A /* HomeViewController.swift in Sources */,
				2FCC6D8322DD3E0E0061882A /* Room.swift in Sources */,
			);
			runOnlyForDeploymentPostprocessing = 0;
		};
/* End PBXSourcesBuildPhase section */

/* Begin PBXVariantGroup section */
		2F3DCDD322D8B2B700F49B74 /* Main.storyboard */ = {
			isa = PBXVariantGroup;
			children = (
				2F3DCDD422D8B2B700F49B74 /* Base */,
			);
			name = Main.storyboard;
			sourceTree = "<group>";
		};
		2F3DCDD822D8B2B800F49B74 /* LaunchScreen.storyboard */ = {
			isa = PBXVariantGroup;
			children = (
				2F3DCDD922D8B2B800F49B74 /* Base */,
			);
			name = LaunchScreen.storyboard;
			sourceTree = "<group>";
		};
/* End PBXVariantGroup section */

/* Begin XCBuildConfiguration section */
		2F3DCDDC22D8B2B800F49B74 /* Debug */ = {
			isa = XCBuildConfiguration;
			buildSettings = {
				ALWAYS_SEARCH_USER_PATHS = NO;
				CLANG_ANALYZER_NONNULL = YES;
				CLANG_ANALYZER_NUMBER_OBJECT_CONVERSION = YES_AGGRESSIVE;
				CLANG_CXX_LANGUAGE_STANDARD = "gnu++14";
				CLANG_CXX_LIBRARY = "libc++";
				CLANG_ENABLE_MODULES = YES;
				CLANG_ENABLE_OBJC_ARC = YES;
				CLANG_ENABLE_OBJC_WEAK = YES;
				CLANG_WARN_BLOCK_CAPTURE_AUTORELEASING = YES;
				CLANG_WARN_BOOL_CONVERSION = YES;
				CLANG_WARN_COMMA = YES;
				CLANG_WARN_CONSTANT_CONVERSION = YES;
				CLANG_WARN_DEPRECATED_OBJC_IMPLEMENTATIONS = YES;
				CLANG_WARN_DIRECT_OBJC_ISA_USAGE = YES_ERROR;
				CLANG_WARN_DOCUMENTATION_COMMENTS = YES;
				CLANG_WARN_EMPTY_BODY = YES;
				CLANG_WARN_ENUM_CONVERSION = YES;
				CLANG_WARN_INFINITE_RECURSION = YES;
				CLANG_WARN_INT_CONVERSION = YES;
				CLANG_WARN_NON_LITERAL_NULL_CONVERSION = YES;
				CLANG_WARN_OBJC_IMPLICIT_RETAIN_SELF = YES;
				CLANG_WARN_OBJC_LITERAL_CONVERSION = YES;
				CLANG_WARN_OBJC_ROOT_CLASS = YES_ERROR;
				CLANG_WARN_RANGE_LOOP_ANALYSIS = YES;
				CLANG_WARN_STRICT_PROTOTYPES = YES;
				CLANG_WARN_SUSPICIOUS_MOVE = YES;
				CLANG_WARN_UNGUARDED_AVAILABILITY = YES_AGGRESSIVE;
				CLANG_WARN_UNREACHABLE_CODE = YES;
				CLANG_WARN__DUPLICATE_METHOD_MATCH = YES;
				CODE_SIGN_IDENTITY = "iPhone Developer";
				COPY_PHASE_STRIP = NO;
				DEBUG_INFORMATION_FORMAT = dwarf;
				ENABLE_STRICT_OBJC_MSGSEND = YES;
				ENABLE_TESTABILITY = YES;
				GCC_C_LANGUAGE_STANDARD = gnu11;
				GCC_DYNAMIC_NO_PIC = NO;
				GCC_NO_COMMON_BLOCKS = YES;
				GCC_OPTIMIZATION_LEVEL = 0;
				GCC_PREPROCESSOR_DEFINITIONS = (
					"DEBUG=1",
					"$(inherited)",
				);
				GCC_WARN_64_TO_32_BIT_CONVERSION = YES;
				GCC_WARN_ABOUT_RETURN_TYPE = YES_ERROR;
				GCC_WARN_UNDECLARED_SELECTOR = YES;
				GCC_WARN_UNINITIALIZED_AUTOS = YES_AGGRESSIVE;
				GCC_WARN_UNUSED_FUNCTION = YES;
				GCC_WARN_UNUSED_VARIABLE = YES;
				IPHONEOS_DEPLOYMENT_TARGET = 12.0;
				MTL_ENABLE_DEBUG_INFO = INCLUDE_SOURCE;
				MTL_FAST_MATH = YES;
				ONLY_ACTIVE_ARCH = YES;
				SDKROOT = iphoneos;
				SWIFT_ACTIVE_COMPILATION_CONDITIONS = DEBUG;
				SWIFT_OPTIMIZATION_LEVEL = "-Onone";
			};
			name = Debug;
		};
		2F3DCDDD22D8B2B800F49B74 /* Release */ = {
			isa = XCBuildConfiguration;
			buildSettings = {
				ALWAYS_SEARCH_USER_PATHS = NO;
				CLANG_ANALYZER_NONNULL = YES;
				CLANG_ANALYZER_NUMBER_OBJECT_CONVERSION = YES_AGGRESSIVE;
				CLANG_CXX_LANGUAGE_STANDARD = "gnu++14";
				CLANG_CXX_LIBRARY = "libc++";
				CLANG_ENABLE_MODULES = YES;
				CLANG_ENABLE_OBJC_ARC = YES;
				CLANG_ENABLE_OBJC_WEAK = YES;
				CLANG_WARN_BLOCK_CAPTURE_AUTORELEASING = YES;
				CLANG_WARN_BOOL_CONVERSION = YES;
				CLANG_WARN_COMMA = YES;
				CLANG_WARN_CONSTANT_CONVERSION = YES;
				CLANG_WARN_DEPRECATED_OBJC_IMPLEMENTATIONS = YES;
				CLANG_WARN_DIRECT_OBJC_ISA_USAGE = YES_ERROR;
				CLANG_WARN_DOCUMENTATION_COMMENTS = YES;
				CLANG_WARN_EMPTY_BODY = YES;
				CLANG_WARN_ENUM_CONVERSION = YES;
				CLANG_WARN_INFINITE_RECURSION = YES;
				CLANG_WARN_INT_CONVERSION = YES;
				CLANG_WARN_NON_LITERAL_NULL_CONVERSION = YES;
				CLANG_WARN_OBJC_IMPLICIT_RETAIN_SELF = YES;
				CLANG_WARN_OBJC_LITERAL_CONVERSION = YES;
				CLANG_WARN_OBJC_ROOT_CLASS = YES_ERROR;
				CLANG_WARN_RANGE_LOOP_ANALYSIS = YES;
				CLANG_WARN_STRICT_PROTOTYPES = YES;
				CLANG_WARN_SUSPICIOUS_MOVE = YES;
				CLANG_WARN_UNGUARDED_AVAILABILITY = YES_AGGRESSIVE;
				CLANG_WARN_UNREACHABLE_CODE = YES;
				CLANG_WARN__DUPLICATE_METHOD_MATCH = YES;
				CODE_SIGN_IDENTITY = "iPhone Developer";
				COPY_PHASE_STRIP = NO;
				DEBUG_INFORMATION_FORMAT = "dwarf-with-dsym";
				ENABLE_NS_ASSERTIONS = NO;
				ENABLE_STRICT_OBJC_MSGSEND = YES;
				GCC_C_LANGUAGE_STANDARD = gnu11;
				GCC_NO_COMMON_BLOCKS = YES;
				GCC_WARN_64_TO_32_BIT_CONVERSION = YES;
				GCC_WARN_ABOUT_RETURN_TYPE = YES_ERROR;
				GCC_WARN_UNDECLARED_SELECTOR = YES;
				GCC_WARN_UNINITIALIZED_AUTOS = YES_AGGRESSIVE;
				GCC_WARN_UNUSED_FUNCTION = YES;
				GCC_WARN_UNUSED_VARIABLE = YES;
				IPHONEOS_DEPLOYMENT_TARGET = 12.0;
				MTL_ENABLE_DEBUG_INFO = NO;
				MTL_FAST_MATH = YES;
				SDKROOT = iphoneos;
				SWIFT_COMPILATION_MODE = wholemodule;
				SWIFT_OPTIMIZATION_LEVEL = "-O";
				VALIDATE_PRODUCT = YES;
			};
			name = Release;
		};
		2F3DCDDF22D8B2B800F49B74 /* Debug */ = {
			isa = XCBuildConfiguration;
			baseConfigurationReference = 2E3B09239BEA62A8BB4256CC /* Pods-Roomy.debug.xcconfig */;
			buildSettings = {
				ASSETCATALOG_COMPILER_APPICON_NAME = AppIcon;
				ASSETCATALOG_COMPILER_LAUNCHIMAGE_NAME = LaunchImage;
				CODE_SIGN_STYLE = Automatic;
				INFOPLIST_FILE = Roomy/Info.plist;
				LD_RUNPATH_SEARCH_PATHS = (
					"$(inherited)",
					"@executable_path/Frameworks",
				);
				PRODUCT_BUNDLE_IDENTIFIER = Biko.Roomy;
				PRODUCT_NAME = "$(TARGET_NAME)";
				SWIFT_VERSION = 4.2;
				TARGETED_DEVICE_FAMILY = "1,2";
			};
			name = Debug;
		};
		2F3DCDE022D8B2B800F49B74 /* Release */ = {
			isa = XCBuildConfiguration;
			baseConfigurationReference = 905225F4C3F57DBF877ED9C4 /* Pods-Roomy.release.xcconfig */;
			buildSettings = {
				ASSETCATALOG_COMPILER_APPICON_NAME = AppIcon;
				ASSETCATALOG_COMPILER_LAUNCHIMAGE_NAME = LaunchImage;
				CODE_SIGN_STYLE = Automatic;
				INFOPLIST_FILE = Roomy/Info.plist;
				LD_RUNPATH_SEARCH_PATHS = (
					"$(inherited)",
					"@executable_path/Frameworks",
				);
				PRODUCT_BUNDLE_IDENTIFIER = Biko.Roomy;
				PRODUCT_NAME = "$(TARGET_NAME)";
				SWIFT_VERSION = 4.2;
				TARGETED_DEVICE_FAMILY = "1,2";
			};
			name = Release;
		};
/* End XCBuildConfiguration section */

/* Begin XCConfigurationList section */
		2F3DCDC722D8B2B700F49B74 /* Build configuration list for PBXProject "Roomy" */ = {
			isa = XCConfigurationList;
			buildConfigurations = (
				2F3DCDDC22D8B2B800F49B74 /* Debug */,
				2F3DCDDD22D8B2B800F49B74 /* Release */,
			);
			defaultConfigurationIsVisible = 0;
			defaultConfigurationName = Release;
		};
		2F3DCDDE22D8B2B800F49B74 /* Build configuration list for PBXNativeTarget "Roomy" */ = {
			isa = XCConfigurationList;
			buildConfigurations = (
				2F3DCDDF22D8B2B800F49B74 /* Debug */,
				2F3DCDE022D8B2B800F49B74 /* Release */,
			);
			defaultConfigurationIsVisible = 0;
			defaultConfigurationName = Release;
		};
/* End XCConfigurationList section */
	};
	rootObject = 2F3DCDC422D8B2B700F49B74 /* Project object */;
}
